// !$*UTF8*$!
{
	archiveVersion = 1;
	classes = {
	};
	objectVersion = 46;
	objects = {

/* Begin PBXBuildFile section */
		7EA598E91AC0968700E63B7F /* FSQComponents.h in CopyFiles */ = {isa = PBXBuildFile; fileRef = 7EA598E81AC0968700E63B7F /* FSQComponents.h */; };
		7EA5994A1AC0981800E63B7F /* FSQComponentLayoutManager.m in Sources */ = {isa = PBXBuildFile; fileRef = 7EA599421AC0981800E63B7F /* FSQComponentLayoutManager.m */; };
		7EA5994B1AC0981800E63B7F /* FSQComponentReuseManager.m in Sources */ = {isa = PBXBuildFile; fileRef = 7EA599441AC0981800E63B7F /* FSQComponentReuseManager.m */; };
		7EA5994C1AC0981800E63B7F /* FSQComponentSpecification.m in Sources */ = {isa = PBXBuildFile; fileRef = 7EA599471AC0981800E63B7F /* FSQComponentSpecification.m */; };
		7EA5994D1AC0981800E63B7F /* FSQComponentsView.m in Sources */ = {isa = PBXBuildFile; fileRef = 7EA599491AC0981800E63B7F /* FSQComponentsView.m */; };
		7EA599711AC09A4D00E63B7F /* FSQComponents.h in Headers */ = {isa = PBXBuildFile; fileRef = 7EA598E81AC0968700E63B7F /* FSQComponents.h */; settings = {ATTRIBUTES = (Public, ); }; };
		7EA599721AC09A4D00E63B7F /* FSQComponentLayoutManager.h in Headers */ = {isa = PBXBuildFile; fileRef = 7EA599411AC0981800E63B7F /* FSQComponentLayoutManager.h */; settings = {ATTRIBUTES = (Private, ); }; };
		7EA599731AC09A4D00E63B7F /* FSQComponentReuseManager.h in Headers */ = {isa = PBXBuildFile; fileRef = 7EA599431AC0981800E63B7F /* FSQComponentReuseManager.h */; settings = {ATTRIBUTES = (Private, ); }; };
		7EA599741AC09A4D00E63B7F /* FSQComponentSpecification.h in Headers */ = {isa = PBXBuildFile; fileRef = 7EA599461AC0981800E63B7F /* FSQComponentSpecification.h */; settings = {ATTRIBUTES = (Public, ); }; };
		7EA599751AC09A4D00E63B7F /* FSQComponentsView.h in Headers */ = {isa = PBXBuildFile; fileRef = 7EA599481AC0981800E63B7F /* FSQComponentsView.h */; settings = {ATTRIBUTES = (Public, ); }; };
		7EA599761AC09A4D00E63B7F /* FSQComposable.h in Headers */ = {isa = PBXBuildFile; fileRef = 7EA5994E1AC0982500E63B7F /* FSQComposable.h */; settings = {ATTRIBUTES = (Public, ); }; };
/* End PBXBuildFile section */

/* Begin PBXCopyFilesBuildPhase section */
		7EA598E31AC0968700E63B7F /* CopyFiles */ = {
			isa = PBXCopyFilesBuildPhase;
			buildActionMask = 2147483647;
			dstPath = "include/$(PRODUCT_NAME)";
			dstSubfolderSpec = 16;
			files = (
				7EA598E91AC0968700E63B7F /* FSQComponents.h in CopyFiles */,
			);
			runOnlyForDeploymentPostprocessing = 0;
		};
/* End PBXCopyFilesBuildPhase section */

/* Begin PBXFileReference section */
		7EA598E51AC0968700E63B7F /* libFSQComponents.a */ = {isa = PBXFileReference; explicitFileType = archive.ar; includeInIndex = 0; path = libFSQComponents.a; sourceTree = BUILT_PRODUCTS_DIR; };
		7EA598E81AC0968700E63B7F /* FSQComponents.h */ = {isa = PBXFileReference; lastKnownFileType = sourcecode.c.h; path = FSQComponents.h; sourceTree = "<group>"; };
		7EA599411AC0981800E63B7F /* FSQComponentLayoutManager.h */ = {isa = PBXFileReference; fileEncoding = 4; lastKnownFileType = sourcecode.c.h; path = FSQComponentLayoutManager.h; sourceTree = "<group>"; };
		7EA599421AC0981800E63B7F /* FSQComponentLayoutManager.m */ = {isa = PBXFileReference; fileEncoding = 4; lastKnownFileType = sourcecode.c.objc; path = FSQComponentLayoutManager.m; sourceTree = "<group>"; };
		7EA599431AC0981800E63B7F /* FSQComponentReuseManager.h */ = {isa = PBXFileReference; fileEncoding = 4; lastKnownFileType = sourcecode.c.h; path = FSQComponentReuseManager.h; sourceTree = "<group>"; };
		7EA599441AC0981800E63B7F /* FSQComponentReuseManager.m */ = {isa = PBXFileReference; fileEncoding = 4; lastKnownFileType = sourcecode.c.objc; path = FSQComponentReuseManager.m; sourceTree = "<group>"; };
		7EA599461AC0981800E63B7F /* FSQComponentSpecification.h */ = {isa = PBXFileReference; fileEncoding = 4; lastKnownFileType = sourcecode.c.h; path = FSQComponentSpecification.h; sourceTree = "<group>"; };
		7EA599471AC0981800E63B7F /* FSQComponentSpecification.m */ = {isa = PBXFileReference; fileEncoding = 4; lastKnownFileType = sourcecode.c.objc; path = FSQComponentSpecification.m; sourceTree = "<group>"; };
		7EA599481AC0981800E63B7F /* FSQComponentsView.h */ = {isa = PBXFileReference; fileEncoding = 4; lastKnownFileType = sourcecode.c.h; path = FSQComponentsView.h; sourceTree = "<group>"; };
		7EA599491AC0981800E63B7F /* FSQComponentsView.m */ = {isa = PBXFileReference; fileEncoding = 4; lastKnownFileType = sourcecode.c.objc; path = FSQComponentsView.m; sourceTree = "<group>"; };
		7EA5994E1AC0982500E63B7F /* FSQComposable.h */ = {isa = PBXFileReference; lastKnownFileType = sourcecode.c.h; path = FSQComposable.h; sourceTree = "<group>"; };
/* End PBXFileReference section */

/* Begin PBXFrameworksBuildPhase section */
		7EA598E21AC0968700E63B7F /* Frameworks */ = {
			isa = PBXFrameworksBuildPhase;
			buildActionMask = 2147483647;
			files = (
			);
			runOnlyForDeploymentPostprocessing = 0;
		};
/* End PBXFrameworksBuildPhase section */

/* Begin PBXGroup section */
		7EA598DC1AC0968700E63B7F = {
			isa = PBXGroup;
			children = (
				7EA598E71AC0968700E63B7F /* FSQComponents */,
				7EA598E61AC0968700E63B7F /* Products */,
			);
			sourceTree = "<group>";
		};
		7EA598E61AC0968700E63B7F /* Products */ = {
			isa = PBXGroup;
			children = (
				7EA598E51AC0968700E63B7F /* libFSQComponents.a */,
			);
			name = Products;
			sourceTree = "<group>";
		};
		7EA598E71AC0968700E63B7F /* FSQComponents */ = {
			isa = PBXGroup;
			children = (
				7EA598E81AC0968700E63B7F /* FSQComponents.h */,
				7EA599411AC0981800E63B7F /* FSQComponentLayoutManager.h */,
				7EA599421AC0981800E63B7F /* FSQComponentLayoutManager.m */,
				7EA599431AC0981800E63B7F /* FSQComponentReuseManager.h */,
				7EA599441AC0981800E63B7F /* FSQComponentReuseManager.m */,
				7EA599461AC0981800E63B7F /* FSQComponentSpecification.h */,
				7EA599471AC0981800E63B7F /* FSQComponentSpecification.m */,
				7EA599481AC0981800E63B7F /* FSQComponentsView.h */,
				7EA599491AC0981800E63B7F /* FSQComponentsView.m */,
				7EA5994E1AC0982500E63B7F /* FSQComposable.h */,
			);
			path = FSQComponents;
			sourceTree = "<group>";
		};
/* End PBXGroup section */

/* Begin PBXHeadersBuildPhase section */
		7EA599701AC09A4600E63B7F /* Headers */ = {
			isa = PBXHeadersBuildPhase;
			buildActionMask = 2147483647;
			files = (
				7EA599711AC09A4D00E63B7F /* FSQComponents.h in Headers */,
				7EA599741AC09A4D00E63B7F /* FSQComponentSpecification.h in Headers */,
				7EA599751AC09A4D00E63B7F /* FSQComponentsView.h in Headers */,
				7EA599761AC09A4D00E63B7F /* FSQComposable.h in Headers */,
				7EA599721AC09A4D00E63B7F /* FSQComponentLayoutManager.h in Headers */,
				7EA599731AC09A4D00E63B7F /* FSQComponentReuseManager.h in Headers */,
			);
			runOnlyForDeploymentPostprocessing = 0;
		};
/* End PBXHeadersBuildPhase section */

/* Begin PBXNativeTarget section */
		7EA598E41AC0968700E63B7F /* FSQComponents */ = {
			isa = PBXNativeTarget;
			buildConfigurationList = 7EA598F91AC0968700E63B7F /* Build configuration list for PBXNativeTarget "FSQComponents" */;
			buildPhases = (
				7EA598E11AC0968700E63B7F /* Sources */,
				7EA598E21AC0968700E63B7F /* Frameworks */,
				7EA598E31AC0968700E63B7F /* CopyFiles */,
				7EA599701AC09A4600E63B7F /* Headers */,
			);
			buildRules = (
			);
			dependencies = (
			);
			name = FSQComponents;
			productName = FSQComponents;
			productReference = 7EA598E51AC0968700E63B7F /* libFSQComponents.a */;
			productType = "com.apple.product-type.library.static";
		};
/* End PBXNativeTarget section */

/* Begin PBXProject section */
		7EA598DD1AC0968700E63B7F /* Project object */ = {
			isa = PBXProject;
			attributes = {
				LastUpgradeCheck = 0620;
				ORGANIZATIONNAME = "Cameron Mulhern";
				TargetAttributes = {
					7EA598E41AC0968700E63B7F = {
						CreatedOnToolsVersion = 6.2;
					};
				};
			};
			buildConfigurationList = 7EA598E01AC0968700E63B7F /* Build configuration list for PBXProject "FSQComponents" */;
			compatibilityVersion = "Xcode 3.2";
			developmentRegion = English;
			hasScannedForEncodings = 0;
			knownRegions = (
				en,
			);
			mainGroup = 7EA598DC1AC0968700E63B7F;
			productRefGroup = 7EA598E61AC0968700E63B7F /* Products */;
			projectDirPath = "";
			projectRoot = "";
			targets = (
				7EA598E41AC0968700E63B7F /* FSQComponents */,
			);
		};
/* End PBXProject section */

/* Begin PBXSourcesBuildPhase section */
		7EA598E11AC0968700E63B7F /* Sources */ = {
			isa = PBXSourcesBuildPhase;
			buildActionMask = 2147483647;
			files = (
				7EA5994C1AC0981800E63B7F /* FSQComponentSpecification.m in Sources */,
				7EA5994A1AC0981800E63B7F /* FSQComponentLayoutManager.m in Sources */,
				7EA5994B1AC0981800E63B7F /* FSQComponentReuseManager.m in Sources */,
				7EA5994D1AC0981800E63B7F /* FSQComponentsView.m in Sources */,
			);
			runOnlyForDeploymentPostprocessing = 0;
		};
/* End PBXSourcesBuildPhase section */

/* Begin XCBuildConfiguration section */
		7EA598F71AC0968700E63B7F /* Debug */ = {
			isa = XCBuildConfiguration;
			buildSettings = {
				ALWAYS_SEARCH_USER_PATHS = NO;
				CLANG_CXX_LANGUAGE_STANDARD = "gnu++0x";
				CLANG_CXX_LIBRARY = "libc++";
				CLANG_ENABLE_MODULES = YES;
				CLANG_ENABLE_OBJC_ARC = YES;
				CLANG_WARN_BOOL_CONVERSION = YES;
				CLANG_WARN_CONSTANT_CONVERSION = YES;
				CLANG_WARN_DIRECT_OBJC_ISA_USAGE = YES_ERROR;
				CLANG_WARN_EMPTY_BODY = YES;
				CLANG_WARN_ENUM_CONVERSION = YES;
				CLANG_WARN_INT_CONVERSION = YES;
				CLANG_WARN_OBJC_ROOT_CLASS = YES_ERROR;
				CLANG_WARN_UNREACHABLE_CODE = YES;
				CLANG_WARN__DUPLICATE_METHOD_MATCH = YES;
				COPY_PHASE_STRIP = NO;
				ENABLE_STRICT_OBJC_MSGSEND = YES;
				GCC_C_LANGUAGE_STANDARD = gnu99;
				GCC_DYNAMIC_NO_PIC = NO;
				GCC_OPTIMIZATION_LEVEL = 0;
				GCC_PREPROCESSOR_DEFINITIONS = (
					"DEBUG=1",
					"$(inherited)",
				);
				GCC_SYMBOLS_PRIVATE_EXTERN = NO;
				GCC_WARN_64_TO_32_BIT_CONVERSION = YES;
				GCC_WARN_ABOUT_RETURN_TYPE = YES_ERROR;
				GCC_WARN_UNDECLARED_SELECTOR = YES;
				GCC_WARN_UNINITIALIZED_AUTOS = YES_AGGRESSIVE;
				GCC_WARN_UNUSED_FUNCTION = YES;
				GCC_WARN_UNUSED_VARIABLE = YES;
				IPHONEOS_DEPLOYMENT_TARGET = 8.2;
				MTL_ENABLE_DEBUG_INFO = YES;
				ONLY_ACTIVE_ARCH = YES;
				SDKROOT = iphoneos;
			};
			name = Debug;
		};
		7EA598F81AC0968700E63B7F /* Release */ = {
			isa = XCBuildConfiguration;
			buildSettings = {
				ALWAYS_SEARCH_USER_PATHS = NO;
				CLANG_CXX_LANGUAGE_STANDARD = "gnu++0x";
				CLANG_CXX_LIBRARY = "libc++";
				CLANG_ENABLE_MODULES = YES;
				CLANG_ENABLE_OBJC_ARC = YES;
				CLANG_WARN_BOOL_CONVERSION = YES;
				CLANG_WARN_CONSTANT_CONVERSION = YES;
				CLANG_WARN_DIRECT_OBJC_ISA_USAGE = YES_ERROR;
				CLANG_WARN_EMPTY_BODY = YES;
				CLANG_WARN_ENUM_CONVERSION = YES;
				CLANG_WARN_INT_CONVERSION = YES;
				CLANG_WARN_OBJC_ROOT_CLASS = YES_ERROR;
				CLANG_WARN_UNREACHABLE_CODE = YES;
				CLANG_WARN__DUPLICATE_METHOD_MATCH = YES;
				COPY_PHASE_STRIP = NO;
				ENABLE_NS_ASSERTIONS = NO;
				ENABLE_STRICT_OBJC_MSGSEND = YES;
				GCC_C_LANGUAGE_STANDARD = gnu99;
				GCC_WARN_64_TO_32_BIT_CONVERSION = YES;
				GCC_WARN_ABOUT_RETURN_TYPE = YES_ERROR;
				GCC_WARN_UNDECLARED_SELECTOR = YES;
				GCC_WARN_UNINITIALIZED_AUTOS = YES_AGGRESSIVE;
				GCC_WARN_UNUSED_FUNCTION = YES;
				GCC_WARN_UNUSED_VARIABLE = YES;
				IPHONEOS_DEPLOYMENT_TARGET = 8.2;
				MTL_ENABLE_DEBUG_INFO = NO;
				SDKROOT = iphoneos;
				VALIDATE_PRODUCT = YES;
			};
			name = Release;
		};
		7EA598FA1AC0968700E63B7F /* Debug */ = {
			isa = XCBuildConfiguration;
			buildSettings = {
				OTHER_LDFLAGS = "-ObjC";
				PRODUCT_NAME = "$(TARGET_NAME)";
				SKIP_INSTALL = YES;
			};
			name = Debug;
		};
		7EA598FB1AC0968700E63B7F /* Release */ = {
			isa = XCBuildConfiguration;
			buildSettings = {
				OTHER_LDFLAGS = "-ObjC";
				PRODUCT_NAME = "$(TARGET_NAME)";
				SKIP_INSTALL = YES;
			};
			name = Release;
		};
/* End XCBuildConfiguration section */

/* Begin XCConfigurationList section */
		7EA598E01AC0968700E63B7F /* Build configuration list for PBXProject "FSQComponents" */ = {
			isa = XCConfigurationList;
			buildConfigurations = (
				7EA598F71AC0968700E63B7F /* Debug */,
				7EA598F81AC0968700E63B7F /* Release */,
			);
			defaultConfigurationIsVisible = 0;
			defaultConfigurationName = Release;
		};
		7EA598F91AC0968700E63B7F /* Build configuration list for PBXNativeTarget "FSQComponents" */ = {
			isa = XCConfigurationList;
			buildConfigurations = (
				7EA598FA1AC0968700E63B7F /* Debug */,
				7EA598FB1AC0968700E63B7F /* Release */,
			);
			defaultConfigurationIsVisible = 0;
			defaultConfigurationName = Release;
		};
/* End XCConfigurationList section */
	};
	rootObject = 7EA598DD1AC0968700E63B7F /* Project object */;
}
